{
  "originHash" : "e7fafe90c585391c0a9f51f415166d4acdbb0e73b65f363c09d9f92f5176368e",
  "pins" : [
    {
      "identity" : "fpkycsdk",
      "kind" : "remoteSourceControl",
      "location" : "https://github.com/HSMDeveloper/FPKYCSDK.git",
      "state" : {
        "revision" : "c942bd5ad8dd6851d1ccca522fee221a2917886e",
        "version" : "1.11.0"
      }
    }
  ],
  "version" : 3
}
